Microsoft Visual Studio Solution File, Format Version 11.00
# Visual Studio 2008

Project("{0829BD06-434E-A286-6668-C9224D76FE43}") = "ProceduralTerrain_5", "Assembly-CSharp-vs.csproj", "{21607DDA-B71D-05F2-C6E1-8EF6AC108B11}"
EndProject
Project("{0829BD06-434E-A286-6668-C9224D76FE43}") = "ProceduralTerrain_5", "Assembly-CSharp-Editor-vs.csproj", "{AEC8BCE0-5147-3F06-E5D8-F4BEC4E168D5}"
EndProject
Global
	GlobalSection(SolutionConfigurationPlatforms) = preSolution
		Debug|Any CPU = Debug|Any CPU
		Release|Any CPU = Release|Any CPU
	EndGlobalSection
	GlobalSection(ProjectConfigurationPlatforms) = postSolution
		{21607DDA-B71D-05F2-C6E1-8EF6AC108B11}.Debug|Any CPU.ActiveCfg = Debug|Any CPU
		{21607DDA-B71D-05F2-C6E1-8EF6AC108B11}.Debug|Any CPU.Build.0 = Debug|Any CPU
		{21607DDA-B71D-05F2-C6E1-8EF6AC108B11}.Release|Any CPU.ActiveCfg = Release|Any CPU
		{21607DDA-B71D-05F2-C6E1-8EF6AC108B11}.Release|Any CPU.Build.0 = Release|Any CPU
		{AEC8BCE0-5147-3F06-E5D8-F4BEC4E168D5}.Debug|Any CPU.ActiveCfg = Debug|Any CPU
		{AEC8BCE0-5147-3F06-E5D8-F4BEC4E168D5}.Debug|Any CPU.Build.0 = Debug|Any CPU
		{AEC8BCE0-5147-3F06-E5D8-F4BEC4E168D5}.Release|Any CPU.ActiveCfg = Release|Any CPU
		{AEC8BCE0-5147-3F06-E5D8-F4BEC4E168D5}.Release|Any CPU.Build.0 = Release|Any CPU
	EndGlobalSection
	GlobalSection(SolutionProperties) = preSolution
		HideSolutionNode = FALSE
	EndGlobalSection
							GlobalSection(MonoDevelopProperties) = preSolution
		StartupItem = Assembly-CSharp.csproj
		Policies = $0
		$0.TextStylePolicy = $1
		$1.inheritsSet = null
		$1.scope = text/x-csharp
		$0.CSharpFormattingPolicy = $2
		$2.inheritsSet = Mono
		$2.inheritsScope = text/x-csharp
		$2.scope = text/x-csharp
		$0.TextStylePolicy = $3
		$3.FileWidth = 120
		$3.TabWidth = 4
		$3.IndentWidth = 4
		$3.EolMarker = Unix
		$3.inheritsSet = Mono
		$3.inheritsScope = text/plain
		$3.scope = text/plain
	EndGlobalSection

EndGlobal
